
Microsoft Visual Studio Solution File, Format Version 12.00
# Visual Studio Express 2013 for Windows Desktop
VisualStudioVersion = 12.0.31101.0
MinimumVisualStudioVersion = 10.0.40219.1
Project("{8BC9CEB8-8B4A-11D0-8D11-00A0C91BC942}") = "Adapter", "Adapter\Adapter.vcxproj", "{D60CEC5A-4BFA-4649-AD15-E8C4C863143D}"
EndProject
Project("{8BC9CEB8-8B4A-11D0-8D11-00A0C91BC942}") = "Bridge", "Bridge\Bridge.vcxproj", "{73C51D09-FBC7-4EB7-A68F-908115915E83}"
EndProject
Project("{8BC9CEB8-8B4A-11D0-8D11-00A0C91BC942}") = "Composite", "Composite\Composite.vcxproj", "{4A31A617-3FFD-458C-AA43-E7EA5ACA1F84}"
EndProject
Project("{8BC9CEB8-8B4A-11D0-8D11-00A0C91BC942}") = "Decorator", "Decorator\Decorator.vcxproj", "{BBC941CC-66EB-4805-8C73-8DE111422016}"
EndProject
Project("{8BC9CEB8-8B4A-11D0-8D11-00A0C91BC942}") = "Facade", "Facade\Facade.vcxproj", "{12C29229-E094-4A4B-88C0-0013EF114E92}"
EndProject
Project("{8BC9CEB8-8B4A-11D0-8D11-00A0C91BC942}") = "Flyweight", "Flyweight\Flyweight.vcxproj", "{125DB8C1-595A-4BB4-B0DA-813EDD8078C4}"
EndProject
Project("{8BC9CEB8-8B4A-11D0-8D11-00A0C91BC942}") = "Proxy", "Proxy\Proxy.vcxproj", "{E7F48E02-B705-4C1E-A919-CAFFB0B457C8}"
EndProject
Project("{8BC9CEB8-8B4A-11D0-8D11-00A0C91BC942}") = "Abstract_Factory", "Abstract_Factory\Abstract_Factory.vcxproj", "{1B55A58E-1396-4184-A0F6-6162DEEB6D5C}"
EndProject
Global
	GlobalSection(SolutionConfigurationPlatforms) = preSolution
		Debug|Win32 = Debug|Win32
		Release|Win32 = Release|Win32
	EndGlobalSection
	GlobalSection(ProjectConfigurationPlatforms) = postSolution
		{D60CEC5A-4BFA-4649-AD15-E8C4C863143D}.Debug|Win32.ActiveCfg = Debug|Win32
		{D60CEC5A-4BFA-4649-AD15-E8C4C863143D}.Debug|Win32.Build.0 = Debug|Win32
		{D60CEC5A-4BFA-4649-AD15-E8C4C863143D}.Release|Win32.ActiveCfg = Release|Win32
		{D60CEC5A-4BFA-4649-AD15-E8C4C863143D}.Release|Win32.Build.0 = Release|Win32
		{73C51D09-FBC7-4EB7-A68F-908115915E83}.Debug|Win32.ActiveCfg = Debug|Win32
		{73C51D09-FBC7-4EB7-A68F-908115915E83}.Debug|Win32.Build.0 = Debug|Win32
		{73C51D09-FBC7-4EB7-A68F-908115915E83}.Release|Win32.ActiveCfg = Release|Win32
		{73C51D09-FBC7-4EB7-A68F-908115915E83}.Release|Win32.Build.0 = Release|Win32
		{4A31A617-3FFD-458C-AA43-E7EA5ACA1F84}.Debug|Win32.ActiveCfg = Debug|Win32
		{4A31A617-3FFD-458C-AA43-E7EA5ACA1F84}.Debug|Win32.Build.0 = Debug|Win32
		{4A31A617-3FFD-458C-AA43-E7EA5ACA1F84}.Release|Win32.ActiveCfg = Release|Win32
		{4A31A617-3FFD-458C-AA43-E7EA5ACA1F84}.Release|Win32.Build.0 = Release|Win32
		{BBC941CC-66EB-4805-8C73-8DE111422016}.Debug|Win32.ActiveCfg = Debug|Win32
		{BBC941CC-66EB-4805-8C73-8DE111422016}.Debug|Win32.Build.0 = Debug|Win32
		{BBC941CC-66EB-4805-8C73-8DE111422016}.Release|Win32.ActiveCfg = Release|Win32
		{BBC941CC-66EB-4805-8C73-8DE111422016}.Release|Win32.Build.0 = Release|Win32
		{12C29229-E094-4A4B-88C0-0013EF114E92}.Debug|Win32.ActiveCfg = Debug|Win32
		{12C29229-E094-4A4B-88C0-0013EF114E92}.Debug|Win32.Build.0 = Debug|Win32
		{12C29229-E094-4A4B-88C0-0013EF114E92}.Release|Win32.ActiveCfg = Release|Win32
		{12C29229-E094-4A4B-88C0-0013EF114E92}.Release|Win32.Build.0 = Release|Win32
		{125DB8C1-595A-4BB4-B0DA-813EDD8078C4}.Debug|Win32.ActiveCfg = Debug|Win32
		{125DB8C1-595A-4BB4-B0DA-813EDD8078C4}.Debug|Win32.Build.0 = Debug|Win32
		{125DB8C1-595A-4BB4-B0DA-813EDD8078C4}.Release|Win32.ActiveCfg = Release|Win32
		{125DB8C1-595A-4BB4-B0DA-813EDD8078C4}.Release|Win32.Build.0 = Release|Win32
		{E7F48E02-B705-4C1E-A919-CAFFB0B457C8}.Debug|Win32.ActiveCfg = Debug|Win32
		{E7F48E02-B705-4C1E-A919-CAFFB0B457C8}.Debug|Win32.Build.0 = Debug|Win32
		{E7F48E02-B705-4C1E-A919-CAFFB0B457C8}.Release|Win32.ActiveCfg = Release|Win32
		{E7F48E02-B705-4C1E-A919-CAFFB0B457C8}.Release|Win32.Build.0 = Release|Win32
		{1B55A58E-1396-4184-A0F6-6162DEEB6D5C}.Debug|Win32.ActiveCfg = Debug|Win32
		{1B55A58E-1396-4184-A0F6-6162DEEB6D5C}.Debug|Win32.Build.0 = Debug|Win32
		{1B55A58E-1396-4184-A0F6-6162DEEB6D5C}.Release|Win32.ActiveCfg = Release|Win32
		{1B55A58E-1396-4184-A0F6-6162DEEB6D5C}.Release|Win32.Build.0 = Release|Win32
	EndGlobalSection
	GlobalSection(SolutionProperties) = preSolution
		HideSolutionNode = FALSE
	EndGlobalSection
EndGlobal
